
Microsoft Visual Studio Solution File, Format Version 12.00
# Visual Studio Version 17
VisualStudioVersion = 17.9.34902.65
MinimumVisualStudioVersion = 10.0.40219.1
Project("{FAE04EC0-301F-11D3-BF4B-00C04F79EFBC}") = "Turn Based Arcade Game", "Turn Based Arcade Game\Turn Based Arcade Game.csproj", "{6B87D2CA-A8C0-4EDA-95AF-4CE5E08CD9A3}"
EndProject
Global
	GlobalSection(SolutionConfigurationPlatforms) = preSolution
		Debug|Any CPU = Debug|Any CPU
		Release|Any CPU = Release|Any CPU
	EndGlobalSection
	GlobalSection(ProjectConfigurationPlatforms) = postSolution
		{6B87D2CA-A8C0-4EDA-95AF-4CE5E08CD9A3}.Debug|Any CPU.ActiveCfg = Debug|Any CPU
		{6B87D2CA-A8C0-4EDA-95AF-4CE5E08CD9A3}.Debug|Any CPU.Build.0 = Debug|Any CPU
		{6B87D2CA-A8C0-4EDA-95AF-4CE5E08CD9A3}.Release|Any CPU.ActiveCfg = Release|Any CPU
		{6B87D2CA-A8C0-4EDA-95AF-4CE5E08CD9A3}.Release|Any CPU.Build.0 = Release|Any CPU
	EndGlobalSection
	GlobalSection(SolutionProperties) = preSolution
		HideSolutionNode = FALSE
	EndGlobalSection
	GlobalSection(ExtensibilityGlobals) = postSolution
		SolutionGuid = {6B4B4FA9-F24F-4B82-9426-1DD6678584E3}
	EndGlobalSection
EndGlobal
